// !$*UTF8*$!
{
	archiveVersion = 1;
	classes = {
	};
	objectVersion = 46;
	objects = {

/* Begin PBXBuildFile section */
		29D1B62009EBEB526C87FFDB /* Pods_Coursepad.framework in Frameworks */ = {isa = PBXBuildFile; fileRef = 1CFF832F5C4C5B07021BBE80 /* Pods_Coursepad.framework */; };
		AB0979631EE7E3BB003119CA /* EditProfileViewController.swift in Sources */ = {isa = PBXBuildFile; fileRef = AB0979621EE7E3BB003119CA /* EditProfileViewController.swift */; };
		AB4198F91ED2DEDF00E07E12 /* LoginViewController.swift in Sources */ = {isa = PBXBuildFile; fileRef = AB4198F81ED2DEDF00E07E12 /* LoginViewController.swift */; };
		AB672D811EDBB4FF006552D4 /* CatBannerTableViewCell.swift in Sources */ = {isa = PBXBuildFile; fileRef = AB672D801EDBB4FF006552D4 /* CatBannerTableViewCell.swift */; };
		AB672D831EDBB51D006552D4 /* CatInfoTableViewCell.swift in Sources */ = {isa = PBXBuildFile; fileRef = AB672D821EDBB51D006552D4 /* CatInfoTableViewCell.swift */; };
		AB672D851EDBB530006552D4 /* CatDescTableViewCell.swift in Sources */ = {isa = PBXBuildFile; fileRef = AB672D841EDBB530006552D4 /* CatDescTableViewCell.swift */; };
		AB672D871EDBB60E006552D4 /* CourseCatTableViewController.swift in Sources */ = {isa = PBXBuildFile; fileRef = AB672D861EDBB60E006552D4 /* CourseCatTableViewController.swift */; };
		AB672D891EDC110E006552D4 /* RegisterViewController.swift in Sources */ = {isa = PBXBuildFile; fileRef = AB672D881EDC110E006552D4 /* RegisterViewController.swift */; };
		ABB72DB71EE5139D008FC5CB /* Request+debuglog.swift in Sources */ = {isa = PBXBuildFile; fileRef = ABB72DB61EE5139D008FC5CB /* Request+debuglog.swift */; };
		ABD23EB21EC2D6C9004FCECE /* QuizViewController.swift in Sources */ = {isa = PBXBuildFile; fileRef = ABD23EB11EC2D6C9004FCECE /* QuizViewController.swift */; };
		ABD23EB41EC32CE1004FCECE /* StatisticsViewController.swift in Sources */ = {isa = PBXBuildFile; fileRef = ABD23EB31EC32CE1004FCECE /* StatisticsViewController.swift */; };
		FC0073E21E7A1F8F00CB35AD /* BannerTableViewCell.swift in Sources */ = {isa = PBXBuildFile; fileRef = FC0073E11E7A1F8E00CB35AD /* BannerTableViewCell.swift */; };
		FC300A901E6184AE009F43C5 /* android.png in Resources */ = {isa = PBXBuildFile; fileRef = FC300A8F1E6184AE009F43C5 /* android.png */; };
		FC300A921E61852E009F43C5 /* DashboardTableViewCell.swift in Sources */ = {isa = PBXBuildFile; fileRef = FC300A911E61852E009F43C5 /* DashboardTableViewCell.swift */; };
		FC300A941E61BD58009F43C5 /* VideoTableViewCell.swift in Sources */ = {isa = PBXBuildFile; fileRef = FC300A931E61BD58009F43C5 /* VideoTableViewCell.swift */; };
		FC300A981E62C228009F43C5 /* CourseDetailViewController.swift in Sources */ = {isa = PBXBuildFile; fileRef = FC300A971E62C228009F43C5 /* CourseDetailViewController.swift */; };
		FC300A9A1E62F017009F43C5 /* LessonViewController.swift in Sources */ = {isa = PBXBuildFile; fileRef = FC300A991E62F016009F43C5 /* LessonViewController.swift */; };
		FC4142891E5EF93200D81B88 /* AppDelegate.swift in Sources */ = {isa = PBXBuildFile; fileRef = FC4142881E5EF93200D81B88 /* AppDelegate.swift */; };
		FC41428B1E5EF93200D81B88 /* ViewController.swift in Sources */ = {isa = PBXBuildFile; fileRef = FC41428A1E5EF93200D81B88 /* ViewController.swift */; };
		FC41428E1E5EF93200D81B88 /* Main.storyboard in Resources */ = {isa = PBXBuildFile; fileRef = FC41428C1E5EF93200D81B88 /* Main.storyboard */; };
		FC4142901E5EF93200D81B88 /* Assets.xcassets in Resources */ = {isa = PBXBuildFile; fileRef = FC41428F1E5EF93200D81B88 /* Assets.xcassets */; };
		FC4142931E5EF93200D81B88 /* LaunchScreen.storyboard in Resources */ = {isa = PBXBuildFile; fileRef = FC4142911E5EF93200D81B88 /* LaunchScreen.storyboard */; };
		FC41429B1E5FAF1000D81B88 /* SecondViewController.swift in Sources */ = {isa = PBXBuildFile; fileRef = FC41429A1E5FAF0F00D81B88 /* SecondViewController.swift */; };
		FC4142AE1E5FB45E00D81B88 /* home_filled-25.png in Resources */ = {isa = PBXBuildFile; fileRef = FC4142AD1E5FB45E00D81B88 /* home_filled-25.png */; };
		FC4142B11E5FC82D00D81B88 /* file_filled-25.png in Resources */ = {isa = PBXBuildFile; fileRef = FC4142AF1E5FC82D00D81B88 /* file_filled-25.png */; };
		FC4142B21E5FC82D00D81B88 /* file-25.png in Resources */ = {isa = PBXBuildFile; fileRef = FC4142B01E5FC82D00D81B88 /* file-25.png */; };
		FC4142B41E5FC83D00D81B88 /* search-25.png in Resources */ = {isa = PBXBuildFile; fileRef = FC4142B31E5FC83D00D81B88 /* search-25.png */; };
		FC4142B61E5FC8A100D81B88 /* contacts-25.png in Resources */ = {isa = PBXBuildFile; fileRef = FC4142B51E5FC8A100D81B88 /* contacts-25.png */; };
		FC64C4241EC0797D00142FF4 /* BadgeViewController.swift in Sources */ = {isa = PBXBuildFile; fileRef = FC64C4231EC0797B00142FF4 /* BadgeViewController.swift */; };
		FC64C4271EC13FA700142FF4 /* BadgeCollectionViewCell.swift in Sources */ = {isa = PBXBuildFile; fileRef = FC64C4261EC13FA700142FF4 /* BadgeCollectionViewCell.swift */; };
		FC9286011E7EC6CD00047E74 /* WebTableViewCell.swift in Sources */ = {isa = PBXBuildFile; fileRef = FC9286001E7EC6CA00047E74 /* WebTableViewCell.swift */; };
		FCC48BDC1E9A2198007AEBA2 /* ios-app-development.jpg in Resources */ = {isa = PBXBuildFile; fileRef = FCC48BDB1E9A2197007AEBA2 /* ios-app-development.jpg */; };
		FCC48BDE1E9A27D0007AEBA2 /* tick.jpg in Resources */ = {isa = PBXBuildFile; fileRef = FCC48BDD1E9A27D0007AEBA2 /* tick.jpg */; };
		FCC48BE01E9A296C007AEBA2 /* LessonTableViewCell.swift in Sources */ = {isa = PBXBuildFile; fileRef = FCC48BDF1E9A296C007AEBA2 /* LessonTableViewCell.swift */; };
		FCCB583A1E8A13CE002EFFDD /* CourseCardTableViewCell.swift in Sources */ = {isa = PBXBuildFile; fileRef = FCCB58391E8A13CE002EFFDD /* CourseCardTableViewCell.swift */; };
		FCE5483E1E8BE17B00A823F6 /* logo edutech.jpg in Resources */ = {isa = PBXBuildFile; fileRef = FCE5483D1E8BE17B00A823F6 /* logo edutech.jpg */; };
		FCE548401E8BE1B300A823F6 /* logo_edutech.png in Resources */ = {isa = PBXBuildFile; fileRef = FCE5483F1E8BE1B300A823F6 /* logo_edutech.png */; };
		FCE548421E8BE94400A823F6 /* LessonWebViewController.swift in Sources */ = {isa = PBXBuildFile; fileRef = FCE548411E8BE94300A823F6 /* LessonWebViewController.swift */; };
		FCE5484B1E91015A00A823F6 /* profile_banner.jpg in Resources */ = {isa = PBXBuildFile; fileRef = FCE5484A1E91015900A823F6 /* profile_banner.jpg */; };
		FCE5484D1E91028D00A823F6 /* avatar.png in Resources */ = {isa = PBXBuildFile; fileRef = FCE5484C1E91028D00A823F6 /* avatar.png */; };
		FCE5484F1E91059F00A823F6 /* ProfileTableViewController.swift in Sources */ = {isa = PBXBuildFile; fileRef = FCE5484E1E91059F00A823F6 /* ProfileTableViewController.swift */; };
		FCE548511E9123B600A823F6 /* CatalogViewController.swift in Sources */ = {isa = PBXBuildFile; fileRef = FCE548501E9123B600A823F6 /* CatalogViewController.swift */; };
		FCE548531E91254500A823F6 /* CatalogTableViewCell.swift in Sources */ = {isa = PBXBuildFile; fileRef = FCE548521E91254400A823F6 /* CatalogTableViewCell.swift */; };
/* End PBXBuildFile section */

/* Begin PBXFileReference section */
		1CFF832F5C4C5B07021BBE80 /* Pods_Coursepad.framework */ = {isa = PBXFileReference; explicitFileType = wrapper.framework; includeInIndex = 0; path = Pods_Coursepad.framework; sourceTree = BUILT_PRODUCTS_DIR; };
		60449AC9B8046A74AB6AC5DD /* Pods-Coursepad.release.xcconfig */ = {isa = PBXFileReference; includeInIndex = 1; lastKnownFileType = text.xcconfig; name = "Pods-Coursepad.release.xcconfig"; path = "Pods/Target Support Files/Pods-Coursepad/Pods-Coursepad.release.xcconfig"; sourceTree = "<group>"; };
		64BCB3555CE63A1E7334F28C /* Pods-Coursepad.debug.xcconfig */ = {isa = PBXFileReference; includeInIndex = 1; lastKnownFileType = text.xcconfig; name = "Pods-Coursepad.debug.xcconfig"; path = "Pods/Target Support Files/Pods-Coursepad/Pods-Coursepad.debug.xcconfig"; sourceTree = "<group>"; };
		AB0979621EE7E3BB003119CA /* EditProfileViewController.swift */ = {isa = PBXFileReference; fileEncoding = 4; lastKnownFileType = sourcecode.swift; path = EditProfileViewController.swift; sourceTree = "<group>"; };
		AB4198F81ED2DEDF00E07E12 /* LoginViewController.swift */ = {isa = PBXFileReference; fileEncoding = 4; lastKnownFileType = sourcecode.swift; path = LoginViewController.swift; sourceTree = "<group>"; };
		AB672D801EDBB4FF006552D4 /* CatBannerTableViewCell.swift */ = {isa = PBXFileReference; fileEncoding = 4; lastKnownFileType = sourcecode.swift; path = CatBannerTableViewCell.swift; sourceTree = "<group>"; };
		AB672D821EDBB51D006552D4 /* CatInfoTableViewCell.swift */ = {isa = PBXFileReference; fileEncoding = 4; lastKnownFileType = sourcecode.swift; path = CatInfoTableViewCell.swift; sourceTree = "<group>"; };
		AB672D841EDBB530006552D4 /* CatDescTableViewCell.swift */ = {isa = PBXFileReference; fileEncoding = 4; lastKnownFileType = sourcecode.swift; path = CatDescTableViewCell.swift; sourceTree = "<group>"; };
		AB672D861EDBB60E006552D4 /* CourseCatTableViewController.swift */ = {isa = PBXFileReference; fileEncoding = 4; lastKnownFileType = sourcecode.swift; path = CourseCatTableViewController.swift; sourceTree = "<group>"; };
		AB672D881EDC110E006552D4 /* RegisterViewController.swift */ = {isa = PBXFileReference; fileEncoding = 4; lastKnownFileType = sourcecode.swift; path = RegisterViewController.swift; sourceTree = "<group>"; };
		ABB72DB61EE5139D008FC5CB /* Request+debuglog.swift */ = {isa = PBXFileReference; fileEncoding = 4; lastKnownFileType = sourcecode.swift; path = "Request+debuglog.swift"; sourceTree = "<group>"; };
		ABD23EB11EC2D6C9004FCECE /* QuizViewController.swift */ = {isa = PBXFileReference; fileEncoding = 4; lastKnownFileType = sourcecode.swift; path = QuizViewController.swift; sourceTree = "<group>"; };
		ABD23EB31EC32CE1004FCECE /* StatisticsViewController.swift */ = {isa = PBXFileReference; fileEncoding = 4; lastKnownFileType = sourcecode.swift; path = StatisticsViewController.swift; sourceTree = "<group>"; };
		FC0073E11E7A1F8E00CB35AD /* BannerTableViewCell.swift */ = {isa = PBXFileReference; fileEncoding = 4; lastKnownFileType = sourcecode.swift; path = BannerTableViewCell.swift; sourceTree = "<group>"; };
		FC300A8F1E6184AE009F43C5 /* android.png */ = {isa = PBXFileReference; lastKnownFileType = image.png; path = android.png; sourceTree = "<group>"; };
		FC300A911E61852E009F43C5 /* DashboardTableViewCell.swift */ = {isa = PBXFileReference; fileEncoding = 4; lastKnownFileType = sourcecode.swift; path = DashboardTableViewCell.swift; sourceTree = "<group>"; };
		FC300A931E61BD58009F43C5 /* VideoTableViewCell.swift */ = {isa = PBXFileReference; fileEncoding = 4; lastKnownFileType = sourcecode.swift; path = VideoTableViewCell.swift; sourceTree = "<group>"; };
		FC300A971E62C228009F43C5 /* CourseDetailViewController.swift */ = {isa = PBXFileReference; fileEncoding = 4; lastKnownFileType = sourcecode.swift; name = CourseDetailViewController.swift; path = ../CourseDetailViewController.swift; sourceTree = "<group>"; };
		FC300A991E62F016009F43C5 /* LessonViewController.swift */ = {isa = PBXFileReference; fileEncoding = 4; lastKnownFileType = sourcecode.swift; path = LessonViewController.swift; sourceTree = "<group>"; };
		FC4142851E5EF93200D81B88 /* Coursepad.app */ = {isa = PBXFileReference; explicitFileType = wrapper.application; includeInIndex = 0; path = Coursepad.app; sourceTree = BUILT_PRODUCTS_DIR; };
		FC4142881E5EF93200D81B88 /* AppDelegate.swift */ = {isa = PBXFileReference; lastKnownFileType = sourcecode.swift; path = AppDelegate.swift; sourceTree = "<group>"; };
		FC41428A1E5EF93200D81B88 /* ViewController.swift */ = {isa = PBXFileReference; lastKnownFileType = sourcecode.swift; path = ViewController.swift; sourceTree = "<group>"; };
		FC41428D1E5EF93200D81B88 /* Base */ = {isa = PBXFileReference; lastKnownFileType = file.storyboard; name = Base; path = Base.lproj/Main.storyboard; sourceTree = "<group>"; };
		FC41428F1E5EF93200D81B88 /* Assets.xcassets */ = {isa = PBXFileReference; lastKnownFileType = folder.assetcatalog; path = Assets.xcassets; sourceTree = "<group>"; };
		FC4142921E5EF93200D81B88 /* Base */ = {isa = PBXFileReference; lastKnownFileType = file.storyboard; name = Base; path = Base.lproj/LaunchScreen.storyboard; sourceTree = "<group>"; };
		FC4142941E5EF93200D81B88 /* Info.plist */ = {isa = PBXFileReference; lastKnownFileType = text.plist.xml; path = Info.plist; sourceTree = "<group>"; };
		FC41429A1E5FAF0F00D81B88 /* SecondViewController.swift */ = {isa = PBXFileReference; fileEncoding = 4; lastKnownFileType = sourcecode.swift; path = SecondViewController.swift; sourceTree = "<group>"; };
		FC4142AD1E5FB45E00D81B88 /* home_filled-25.png */ = {isa = PBXFileReference; lastKnownFileType = image.png; path = "home_filled-25.png"; sourceTree = "<group>"; };
		FC4142AF1E5FC82D00D81B88 /* file_filled-25.png */ = {isa = PBXFileReference; lastKnownFileType = image.png; path = "file_filled-25.png"; sourceTree = "<group>"; };
		FC4142B01E5FC82D00D81B88 /* file-25.png */ = {isa = PBXFileReference; lastKnownFileType = image.png; path = "file-25.png"; sourceTree = "<group>"; };
		FC4142B31E5FC83D00D81B88 /* search-25.png */ = {isa = PBXFileReference; lastKnownFileType = image.png; path = "search-25.png"; sourceTree = "<group>"; };
		FC4142B51E5FC8A100D81B88 /* contacts-25.png */ = {isa = PBXFileReference; lastKnownFileType = image.png; path = "contacts-25.png"; sourceTree = "<group>"; };
		FC64C4231EC0797B00142FF4 /* BadgeViewController.swift */ = {isa = PBXFileReference; fileEncoding = 4; lastKnownFileType = sourcecode.swift; path = BadgeViewController.swift; sourceTree = "<group>"; };
		FC64C4261EC13FA700142FF4 /* BadgeCollectionViewCell.swift */ = {isa = PBXFileReference; fileEncoding = 4; lastKnownFileType = sourcecode.swift; path = BadgeCollectionViewCell.swift; sourceTree = "<group>"; };
		FC9286001E7EC6CA00047E74 /* WebTableViewCell.swift */ = {isa = PBXFileReference; fileEncoding = 4; lastKnownFileType = sourcecode.swift; path = WebTableViewCell.swift; sourceTree = "<group>"; };
		FCC48BDA1E99C295007AEBA2 /* BrigingHeader.h */ = {isa = PBXFileReference; lastKnownFileType = sourcecode.c.h; path = BrigingHeader.h; sourceTree = "<group>"; };
		FCC48BDB1E9A2197007AEBA2 /* ios-app-development.jpg */ = {isa = PBXFileReference; lastKnownFileType = image.jpeg; path = "ios-app-development.jpg"; sourceTree = "<group>"; };
		FCC48BDD1E9A27D0007AEBA2 /* tick.jpg */ = {isa = PBXFileReference; lastKnownFileType = image.jpeg; path = tick.jpg; sourceTree = "<group>"; };
		FCC48BDF1E9A296C007AEBA2 /* LessonTableViewCell.swift */ = {isa = PBXFileReference; fileEncoding = 4; lastKnownFileType = sourcecode.swift; path = LessonTableViewCell.swift; sourceTree = "<group>"; };
		FCCB58391E8A13CE002EFFDD /* CourseCardTableViewCell.swift */ = {isa = PBXFileReference; fileEncoding = 4; lastKnownFileType = sourcecode.swift; path = CourseCardTableViewCell.swift; sourceTree = "<group>"; };
		FCE5483D1E8BE17B00A823F6 /* logo edutech.jpg */ = {isa = PBXFileReference; lastKnownFileType = image.jpeg; path = "logo edutech.jpg"; sourceTree = "<group>"; };
		FCE5483F1E8BE1B300A823F6 /* logo_edutech.png */ = {isa = PBXFileReference; lastKnownFileType = image.png; path = logo_edutech.png; sourceTree = "<group>"; };
		FCE548411E8BE94300A823F6 /* LessonWebViewController.swift */ = {isa = PBXFileReference; fileEncoding = 4; lastKnownFileType = sourcecode.swift; path = LessonWebViewController.swift; sourceTree = "<group>"; };
		FCE5484A1E91015900A823F6 /* profile_banner.jpg */ = {isa = PBXFileReference; lastKnownFileType = image.jpeg; path = profile_banner.jpg; sourceTree = "<group>"; };
		FCE5484C1E91028D00A823F6 /* avatar.png */ = {isa = PBXFileReference; lastKnownFileType = image.png; path = avatar.png; sourceTree = "<group>"; };
		FCE5484E1E91059F00A823F6 /* ProfileTableViewController.swift */ = {isa = PBXFileReference; fileEncoding = 4; lastKnownFileType = sourcecode.swift; path = ProfileTableViewController.swift; sourceTree = "<group>"; };
		FCE548501E9123B600A823F6 /* CatalogViewController.swift */ = {isa = PBXFileReference; fileEncoding = 4; lastKnownFileType = sourcecode.swift; path = CatalogViewController.swift; sourceTree = "<group>"; };
		FCE548521E91254400A823F6 /* CatalogTableViewCell.swift */ = {isa = PBXFileReference; fileEncoding = 4; lastKnownFileType = sourcecode.swift; path = CatalogTableViewCell.swift; sourceTree = "<group>"; };
/* End PBXFileReference section */

/* Begin PBXFrameworksBuildPhase section */
		FC4142821E5EF93100D81B88 /* Frameworks */ = {
			isa = PBXFrameworksBuildPhase;
			buildActionMask = 2147483647;
			files = (
				29D1B62009EBEB526C87FFDB /* Pods_Coursepad.framework in Frameworks */,
			);
			runOnlyForDeploymentPostprocessing = 0;
		};
/* End PBXFrameworksBuildPhase section */

/* Begin PBXGroup section */
		0035B9737418BCCF5077241E /* Pods */ = {
			isa = PBXGroup;
			children = (
				64BCB3555CE63A1E7334F28C /* Pods-Coursepad.debug.xcconfig */,
				60449AC9B8046A74AB6AC5DD /* Pods-Coursepad.release.xcconfig */,
			);
			name = Pods;
			sourceTree = "<group>";
		};
		0668F03A209E95FC0F1BAE31 /* Frameworks */ = {
			isa = PBXGroup;
			children = (
				1CFF832F5C4C5B07021BBE80 /* Pods_Coursepad.framework */,
			);
			name = Frameworks;
			sourceTree = "<group>";
		};
		AB672D7F1EDBB33D006552D4 /* Custom Cell */ = {
			isa = PBXGroup;
			children = (
				AB672D801EDBB4FF006552D4 /* CatBannerTableViewCell.swift */,
				AB672D821EDBB51D006552D4 /* CatInfoTableViewCell.swift */,
				AB672D841EDBB530006552D4 /* CatDescTableViewCell.swift */,
			);
			name = "Custom Cell";
			sourceTree = "<group>";
		};
		ABE2E0001ED50C090003F408 /* Catalog */ = {
			isa = PBXGroup;
			children = (
				FCE548501E9123B600A823F6 /* CatalogViewController.swift */,
			);
			name = Catalog;
			sourceTree = "<group>";
		};
		ABE2E0011ED50C110003F408 /* Profile */ = {
			isa = PBXGroup;
			children = (
				FCE5484E1E91059F00A823F6 /* ProfileTableViewController.swift */,
				AB0979621EE7E3BB003119CA /* EditProfileViewController.swift */,
			);
			name = Profile;
			sourceTree = "<group>";
		};
		ABE2E0021ED50C200003F408 /* Quiz */ = {
			isa = PBXGroup;
			children = (
				ABD23EB11EC2D6C9004FCECE /* QuizViewController.swift */,
			);
			name = Quiz;
			sourceTree = "<group>";
		};
		ABE2E0031ED50C290003F408 /* Lesson */ = {
			isa = PBXGroup;
			children = (
				FC300A991E62F016009F43C5 /* LessonViewController.swift */,
			);
			name = Lesson;
			sourceTree = "<group>";
		};
		FC41427C1E5EF93100D81B88 = {
			isa = PBXGroup;
			children = (
				FCC48BDA1E99C295007AEBA2 /* BrigingHeader.h */,
				FC4142871E5EF93200D81B88 /* Coursepad */,
				FC4142861E5EF93200D81B88 /* Products */,
				0035B9737418BCCF5077241E /* Pods */,
				0668F03A209E95FC0F1BAE31 /* Frameworks */,
			);
			sourceTree = "<group>";
		};
		FC4142861E5EF93200D81B88 /* Products */ = {
			isa = PBXGroup;
			children = (
				FC4142851E5EF93200D81B88 /* Coursepad.app */,
			);
			name = Products;
			sourceTree = "<group>";
		};
		FC4142871E5EF93200D81B88 /* Coursepad */ = {
			isa = PBXGroup;
			children = (
				AB672D7F1EDBB33D006552D4 /* Custom Cell */,
				ABE2E0011ED50C110003F408 /* Profile */,
				ABE2E0001ED50C090003F408 /* Catalog */,
				FC64C4251EC13B2D00142FF4 /* Course */,
				FC300A971E62C228009F43C5 /* CourseDetailViewController.swift */,
				FC41429C1E5FB1E900D81B88 /* images */,
				FC4142881E5EF93200D81B88 /* AppDelegate.swift */,
				FC41428A1E5EF93200D81B88 /* ViewController.swift */,
				FC41428C1E5EF93200D81B88 /* Main.storyboard */,
				AB672D881EDC110E006552D4 /* RegisterViewController.swift */,
				FC9286001E7EC6CA00047E74 /* WebTableViewCell.swift */,
				FC300A911E61852E009F43C5 /* DashboardTableViewCell.swift */,
				FC41428F1E5EF93200D81B88 /* Assets.xcassets */,
				FC4142911E5EF93200D81B88 /* LaunchScreen.storyboard */,
				FC4142941E5EF93200D81B88 /* Info.plist */,
				FC300A931E61BD58009F43C5 /* VideoTableViewCell.swift */,
				FC0073E11E7A1F8E00CB35AD /* BannerTableViewCell.swift */,
				FCCB58391E8A13CE002EFFDD /* CourseCardTableViewCell.swift */,
				FCE548411E8BE94300A823F6 /* LessonWebViewController.swift */,
				FCE548521E91254400A823F6 /* CatalogTableViewCell.swift */,
				FCC48BDF1E9A296C007AEBA2 /* LessonTableViewCell.swift */,
				FC64C4231EC0797B00142FF4 /* BadgeViewController.swift */,
				FC64C4261EC13FA700142FF4 /* BadgeCollectionViewCell.swift */,
				ABD23EB31EC32CE1004FCECE /* StatisticsViewController.swift */,
				AB4198F81ED2DEDF00E07E12 /* LoginViewController.swift */,
				ABB72DB61EE5139D008FC5CB /* Request+debuglog.swift */,
			);
			path = Coursepad;
			sourceTree = "<group>";
		};
		FC41429C1E5FB1E900D81B88 /* images */ = {
			isa = PBXGroup;
			children = (
				FCC48BDD1E9A27D0007AEBA2 /* tick.jpg */,
				FCC48BDB1E9A2197007AEBA2 /* ios-app-development.jpg */,
				FCE5484C1E91028D00A823F6 /* avatar.png */,
				FCE5484A1E91015900A823F6 /* profile_banner.jpg */,
				FCE5483F1E8BE1B300A823F6 /* logo_edutech.png */,
				FCE5483D1E8BE17B00A823F6 /* logo edutech.jpg */,
				FC300A8F1E6184AE009F43C5 /* android.png */,
				FC4142AD1E5FB45E00D81B88 /* home_filled-25.png */,
				FC4142AF1E5FC82D00D81B88 /* file_filled-25.png */,
				FC4142B01E5FC82D00D81B88 /* file-25.png */,
				FC4142B31E5FC83D00D81B88 /* search-25.png */,
				FC4142B51E5FC8A100D81B88 /* contacts-25.png */,
			);
			name = images;
			sourceTree = "<group>";
		};
		FC64C4251EC13B2D00142FF4 /* Course */ = {
			isa = PBXGroup;
			children = (
				AB672D861EDBB60E006552D4 /* CourseCatTableViewController.swift */,
				FC41429A1E5FAF0F00D81B88 /* SecondViewController.swift */,
				ABE2E0031ED50C290003F408 /* Lesson */,
				ABE2E0021ED50C200003F408 /* Quiz */,
			);
			name = Course;
			sourceTree = "<group>";
		};
/* End PBXGroup section */

/* Begin PBXNativeTarget section */
		FC4142841E5EF93100D81B88 /* Coursepad */ = {
			isa = PBXNativeTarget;
			buildConfigurationList = FC4142971E5EF93200D81B88 /* Build configuration list for PBXNativeTarget "Coursepad" */;
			buildPhases = (
				B695E790CE2CFFF7FE10F227 /* [CP] Check Pods Manifest.lock */,
				FC4142811E5EF93100D81B88 /* Sources */,
				FC4142821E5EF93100D81B88 /* Frameworks */,
				FC4142831E5EF93100D81B88 /* Resources */,
				A673AF8DBF442281D6C4CCED /* [CP] Embed Pods Frameworks */,
				76912E23F6F9FA37872C7301 /* [CP] Copy Pods Resources */,
			);
			buildRules = (
			);
			dependencies = (
			);
			name = Coursepad;
			productName = Coursepad;
			productReference = FC4142851E5EF93200D81B88 /* Coursepad.app */;
			productType = "com.apple.product-type.application";
		};
/* End PBXNativeTarget section */

/* Begin PBXProject section */
		FC41427D1E5EF93100D81B88 /* Project object */ = {
			isa = PBXProject;
			attributes = {
				LastSwiftUpdateCheck = 0820;
				LastUpgradeCheck = 0820;
				ORGANIZATIONNAME = "iItrain Asia";
				TargetAttributes = {
					FC4142841E5EF93100D81B88 = {
						CreatedOnToolsVersion = 8.2.1;
						DevelopmentTeam = 6S847MQDY3;
						ProvisioningStyle = Automatic;
					};
				};
			};
			buildConfigurationList = FC4142801E5EF93100D81B88 /* Build configuration list for PBXProject "Coursepad" */;
			compatibilityVersion = "Xcode 3.2";
			developmentRegion = English;
			hasScannedForEncodings = 0;
			knownRegions = (
				en,
				Base,
			);
			mainGroup = FC41427C1E5EF93100D81B88;
			productRefGroup = FC4142861E5EF93200D81B88 /* Products */;
			projectDirPath = "";
			projectRoot = "";
			targets = (
				FC4142841E5EF93100D81B88 /* Coursepad */,
			);
		};
/* End PBXProject section */

/* Begin PBXResourcesBuildPhase section */
		FC4142831E5EF93100D81B88 /* Resources */ = {
			isa = PBXResourcesBuildPhase;
			buildActionMask = 2147483647;
			files = (
				FC4142931E5EF93200D81B88 /* LaunchScreen.storyboard in Resources */,
				FCC48BDE1E9A27D0007AEBA2 /* tick.jpg in Resources */,
				FC4142B41E5FC83D00D81B88 /* search-25.png in Resources */,
				FCE5484D1E91028D00A823F6 /* avatar.png in Resources */,
				FC4142B11E5FC82D00D81B88 /* file_filled-25.png in Resources */,
				FC300A901E6184AE009F43C5 /* android.png in Resources */,
				FC4142901E5EF93200D81B88 /* Assets.xcassets in Resources */,
				FC4142AE1E5FB45E00D81B88 /* home_filled-25.png in Resources */,
				FC4142B61E5FC8A100D81B88 /* contacts-25.png in Resources */,
				FC4142B21E5FC82D00D81B88 /* file-25.png in Resources */,
				FCE548401E8BE1B300A823F6 /* logo_edutech.png in Resources */,
				FCE5483E1E8BE17B00A823F6 /* logo edutech.jpg in Resources */,
				FCC48BDC1E9A2198007AEBA2 /* ios-app-development.jpg in Resources */,
				FC41428E1E5EF93200D81B88 /* Main.storyboard in Resources */,
				FCE5484B1E91015A00A823F6 /* profile_banner.jpg in Resources */,
			);
			runOnlyForDeploymentPostprocessing = 0;
		};
/* End PBXResourcesBuildPhase section */

/* Begin PBXShellScriptBuildPhase section */
		76912E23F6F9FA37872C7301 /* [CP] Copy Pods Resources */ = {
			isa = PBXShellScriptBuildPhase;
			buildActionMask = 2147483647;
			files = (
			);
			inputPaths = (
			);
			name = "[CP] Copy Pods Resources";
			outputPaths = (
			);
			runOnlyForDeploymentPostprocessing = 0;
			shellPath = /bin/sh;
			shellScript = "\"${SRCROOT}/Pods/Target Support Files/Pods-Coursepad/Pods-Coursepad-resources.sh\"\n";
			showEnvVarsInLog = 0;
		};
		A673AF8DBF442281D6C4CCED /* [CP] Embed Pods Frameworks */ = {
			isa = PBXShellScriptBuildPhase;
			buildActionMask = 2147483647;
			files = (
			);
			inputPaths = (
			);
			name = "[CP] Embed Pods Frameworks";
			outputPaths = (
			);
			runOnlyForDeploymentPostprocessing = 0;
			shellPath = /bin/sh;
			shellScript = "\"${SRCROOT}/Pods/Target Support Files/Pods-Coursepad/Pods-Coursepad-frameworks.sh\"\n";
			showEnvVarsInLog = 0;
		};
		B695E790CE2CFFF7FE10F227 /* [CP] Check Pods Manifest.lock */ = {
			isa = PBXShellScriptBuildPhase;
			buildActionMask = 2147483647;
			files = (
			);
			inputPaths = (
			);
			name = "[CP] Check Pods Manifest.lock";
			outputPaths = (
			);
			runOnlyForDeploymentPostprocessing = 0;
			shellPath = /bin/sh;
			shellScript = "diff \"${PODS_PODFILE_DIR_PATH}/Podfile.lock\" \"${PODS_ROOT}/Manifest.lock\" > /dev/null\nif [ $? != 0 ] ; then\n    # print error to STDERR\n    echo \"error: The sandbox is not in sync with the Podfile.lock. Run 'pod install' or update your CocoaPods installation.\" >&2\n    exit 1\nfi\n";
			showEnvVarsInLog = 0;
		};
/* End PBXShellScriptBuildPhase section */

/* Begin PBXSourcesBuildPhase section */
		FC4142811E5EF93100D81B88 /* Sources */ = {
			isa = PBXSourcesBuildPhase;
			buildActionMask = 2147483647;
			files = (
				AB672D891EDC110E006552D4 /* RegisterViewController.swift in Sources */,
				FCE548511E9123B600A823F6 /* CatalogViewController.swift in Sources */,
				FC9286011E7EC6CD00047E74 /* WebTableViewCell.swift in Sources */,
				FC300A9A1E62F017009F43C5 /* LessonViewController.swift in Sources */,
				FCCB583A1E8A13CE002EFFDD /* CourseCardTableViewCell.swift in Sources */,
				AB672D831EDBB51D006552D4 /* CatInfoTableViewCell.swift in Sources */,
				AB672D811EDBB4FF006552D4 /* CatBannerTableViewCell.swift in Sources */,
				FC41429B1E5FAF1000D81B88 /* SecondViewController.swift in Sources */,
				FC41428B1E5EF93200D81B88 /* ViewController.swift in Sources */,
				ABD23EB41EC32CE1004FCECE /* StatisticsViewController.swift in Sources */,
				ABB72DB71EE5139D008FC5CB /* Request+debuglog.swift in Sources */,
				FC300A921E61852E009F43C5 /* DashboardTableViewCell.swift in Sources */,
				FC64C4241EC0797D00142FF4 /* BadgeViewController.swift in Sources */,
				AB4198F91ED2DEDF00E07E12 /* LoginViewController.swift in Sources */,
				AB672D871EDBB60E006552D4 /* CourseCatTableViewController.swift in Sources */,
				AB672D851EDBB530006552D4 /* CatDescTableViewCell.swift in Sources */,
				FC4142891E5EF93200D81B88 /* AppDelegate.swift in Sources */,
				FCE548531E91254500A823F6 /* CatalogTableViewCell.swift in Sources */,
				ABD23EB21EC2D6C9004FCECE /* QuizViewController.swift in Sources */,
				FC64C4271EC13FA700142FF4 /* BadgeCollectionViewCell.swift in Sources */,
				FCE5484F1E91059F00A823F6 /* ProfileTableViewController.swift in Sources */,
				FCC48BE01E9A296C007AEBA2 /* LessonTableViewCell.swift in Sources */,
				FC0073E21E7A1F8F00CB35AD /* BannerTableViewCell.swift in Sources */,
				FCE548421E8BE94400A823F6 /* LessonWebViewController.swift in Sources */,
				FC300A981E62C228009F43C5 /* CourseDetailViewController.swift in Sources */,
				FC300A941E61BD58009F43C5 /* VideoTableViewCell.swift in Sources */,
				AB0979631EE7E3BB003119CA /* EditProfileViewController.swift in Sources */,
			);
			runOnlyForDeploymentPostprocessing = 0;
		};
/* End PBXSourcesBuildPhase section */

/* Begin PBXVariantGroup section */
		FC41428C1E5EF93200D81B88 /* Main.storyboard */ = {
			isa = PBXVariantGroup;
			children = (
				FC41428D1E5EF93200D81B88 /* Base */,
			);
			name = Main.storyboard;
			sourceTree = "<group>";
		};
		FC4142911E5EF93200D81B88 /* LaunchScreen.storyboard */ = {
			isa = PBXVariantGroup;
			children = (
				FC4142921E5EF93200D81B88 /* Base */,
			);
			name = LaunchScreen.storyboard;
			sourceTree = "<group>";
		};
/* End PBXVariantGroup section */

/* Begin XCBuildConfiguration section */
		FC4142951E5EF93200D81B88 /* Debug */ = {
			isa = XCBuildConfiguration;
			buildSettings = {
				ALWAYS_SEARCH_USER_PATHS = NO;
				CLANG_ANALYZER_NONNULL = YES;
				CLANG_CXX_LANGUAGE_STANDARD = "gnu++0x";
				CLANG_CXX_LIBRARY = "libc++";
				CLANG_ENABLE_MODULES = YES;
				CLANG_ENABLE_OBJC_ARC = YES;
				CLANG_WARN_BOOL_CONVERSION = YES;
				CLANG_WARN_CONSTANT_CONVERSION = YES;
				CLANG_WARN_DIRECT_OBJC_ISA_USAGE = YES_ERROR;
				CLANG_WARN_DOCUMENTATION_COMMENTS = YES;
				CLANG_WARN_EMPTY_BODY = YES;
				CLANG_WARN_ENUM_CONVERSION = YES;
				CLANG_WARN_INFINITE_RECURSION = YES;
				CLANG_WARN_INT_CONVERSION = YES;
				CLANG_WARN_OBJC_ROOT_CLASS = YES_ERROR;
				CLANG_WARN_SUSPICIOUS_MOVE = YES;
				CLANG_WARN_UNREACHABLE_CODE = YES;
				CLANG_WARN__DUPLICATE_METHOD_MATCH = YES;
				CODE_SIGN_IDENTITY = "iPhone Developer";
				"CODE_SIGN_IDENTITY[sdk=iphoneos*]" = "iPhone Developer";
				COPY_PHASE_STRIP = NO;
				DEBUG_INFORMATION_FORMAT = dwarf;
				ENABLE_STRICT_OBJC_MSGSEND = YES;
				ENABLE_TESTABILITY = YES;
				GCC_C_LANGUAGE_STANDARD = gnu99;
				GCC_DYNAMIC_NO_PIC = NO;
				GCC_NO_COMMON_BLOCKS = YES;
				GCC_OPTIMIZATION_LEVEL = 0;
				GCC_PREPROCESSOR_DEFINITIONS = (
					"DEBUG=1",
					"$(inherited)",
				);
				GCC_WARN_64_TO_32_BIT_CONVERSION = YES;
				GCC_WARN_ABOUT_RETURN_TYPE = YES_ERROR;
				GCC_WARN_UNDECLARED_SELECTOR = YES;
				GCC_WARN_UNINITIALIZED_AUTOS = YES_AGGRESSIVE;
				GCC_WARN_UNUSED_FUNCTION = YES;
				GCC_WARN_UNUSED_VARIABLE = YES;
				IPHONEOS_DEPLOYMENT_TARGET = 10.2;
				MTL_ENABLE_DEBUG_INFO = YES;
				ONLY_ACTIVE_ARCH = YES;
				SDKROOT = iphoneos;
				SWIFT_ACTIVE_COMPILATION_CONDITIONS = DEBUG;
				SWIFT_OPTIMIZATION_LEVEL = "-Onone";
				TARGETED_DEVICE_FAMILY = "1,2";
			};
			name = Debug;
		};
		FC4142961E5EF93200D81B88 /* Release */ = {
			isa = XCBuildConfiguration;
			buildSettings = {
				ALWAYS_SEARCH_USER_PATHS = NO;
				CLANG_ANALYZER_NONNULL = YES;
				CLANG_CXX_LANGUAGE_STANDARD = "gnu++0x";
				CLANG_CXX_LIBRARY = "libc++";
				CLANG_ENABLE_MODULES = YES;
				CLANG_ENABLE_OBJC_ARC = YES;
				CLANG_WARN_BOOL_CONVERSION = YES;
				CLANG_WARN_CONSTANT_CONVERSION = YES;
				CLANG_WARN_DIRECT_OBJC_ISA_USAGE = YES_ERROR;
				CLANG_WARN_DOCUMENTATION_COMMENTS = YES;
				CLANG_WARN_EMPTY_BODY = YES;
				CLANG_WARN_ENUM_CONVERSION = YES;
				CLANG_WARN_INFINITE_RECURSION = YES;
				CLANG_WARN_INT_CONVERSION = YES;
				CLANG_WARN_OBJC_ROOT_CLASS = YES_ERROR;
				CLANG_WARN_SUSPICIOUS_MOVE = YES;
				CLANG_WARN_UNREACHABLE_CODE = YES;
				CLANG_WARN__DUPLICATE_METHOD_MATCH = YES;
				CODE_SIGN_IDENTITY = "iPhone Developer";
				"CODE_SIGN_IDENTITY[sdk=iphoneos*]" = "iPhone Developer";
				COPY_PHASE_STRIP = NO;
				DEBUG_INFORMATION_FORMAT = "dwarf-with-dsym";
				ENABLE_NS_ASSERTIONS = NO;
				ENABLE_STRICT_OBJC_MSGSEND = YES;
				GCC_C_LANGUAGE_STANDARD = gnu99;
				GCC_NO_COMMON_BLOCKS = YES;
				GCC_WARN_64_TO_32_BIT_CONVERSION = YES;
				GCC_WARN_ABOUT_RETURN_TYPE = YES_ERROR;
				GCC_WARN_UNDECLARED_SELECTOR = YES;
				GCC_WARN_UNINITIALIZED_AUTOS = YES_AGGRESSIVE;
				GCC_WARN_UNUSED_FUNCTION = YES;
				GCC_WARN_UNUSED_VARIABLE = YES;
				IPHONEOS_DEPLOYMENT_TARGET = 10.2;
				MTL_ENABLE_DEBUG_INFO = NO;
				SDKROOT = iphoneos;
				SWIFT_OPTIMIZATION_LEVEL = "-Owholemodule";
				TARGETED_DEVICE_FAMILY = "1,2";
				VALIDATE_PRODUCT = YES;
			};
			name = Release;
		};
		FC4142981E5EF93200D81B88 /* Debug */ = {
			isa = XCBuildConfiguration;
			baseConfigurationReference = 64BCB3555CE63A1E7334F28C /* Pods-Coursepad.debug.xcconfig */;
			buildSettings = {
				ALWAYS_EMBED_SWIFT_STANDARD_LIBRARIES = YES;
				ASSETCATALOG_COMPILER_APPICON_NAME = AppIcon;
				DEVELOPMENT_TEAM = 6S847MQDY3;
				INFOPLIST_FILE = Coursepad/Info.plist;
				LD_RUNPATH_SEARCH_PATHS = "$(inherited) @executable_path/Frameworks";
				PRODUCT_BUNDLE_IDENTIFIER = "com.me-tech.coursepad";
				PRODUCT_NAME = "$(TARGET_NAME)";
				SWIFT_VERSION = 3.0;
			};
			name = Debug;
		};
		FC4142991E5EF93200D81B88 /* Release */ = {
			isa = XCBuildConfiguration;
			baseConfigurationReference = 60449AC9B8046A74AB6AC5DD /* Pods-Coursepad.release.xcconfig */;
			buildSettings = {
				ALWAYS_EMBED_SWIFT_STANDARD_LIBRARIES = YES;
				ASSETCATALOG_COMPILER_APPICON_NAME = AppIcon;
				DEVELOPMENT_TEAM = 6S847MQDY3;
				INFOPLIST_FILE = Coursepad/Info.plist;
				LD_RUNPATH_SEARCH_PATHS = "$(inherited) @executable_path/Frameworks";
				PRODUCT_BUNDLE_IDENTIFIER = "com.me-tech.coursepad";
				PRODUCT_NAME = "$(TARGET_NAME)";
				SWIFT_VERSION = 3.0;
			};
			name = Release;
		};
/* End XCBuildConfiguration section */

/* Begin XCConfigurationList section */
		FC4142801E5EF93100D81B88 /* Build configuration list for PBXProject "Coursepad" */ = {
			isa = XCConfigurationList;
			buildConfigurations = (
				FC4142951E5EF93200D81B88 /* Debug */,
				FC4142961E5EF93200D81B88 /* Release */,
			);
			defaultConfigurationIsVisible = 0;
			defaultConfigurationName = Release;
		};
		FC4142971E5EF93200D81B88 /* Build configuration list for PBXNativeTarget "Coursepad" */ = {
			isa = XCConfigurationList;
			buildConfigurations = (
				FC4142981E5EF93200D81B88 /* Debug */,
				FC4142991E5EF93200D81B88 /* Release */,
			);
			defaultConfigurationIsVisible = 0;
			defaultConfigurationName = Release;
		};
/* End XCConfigurationList section */
	};
	rootObject = FC41427D1E5EF93100D81B88 /* Project object */;
}
